
Microsoft Visual Studio Solution File, Format Version 12.00
# Visual Studio 14
VisualStudioVersion = 14.0.25420.1
MinimumVisualStudioVersion = 10.0.40219.1
Project("{FAE04EC0-301F-11D3-BF4B-00C04F79EFBC}") = "SkinCare.Entities", "SkinCare.Entities\SkinCare.Entities.csproj", "{787E8AF0-3765-4CF4-A4FD-45A37E1B7D81}"
EndProject
Project("{FAE04EC0-301F-11D3-BF4B-00C04F79EFBC}") = "SkinCare.Data", "SkinCare.Data\SkinCare.Data.csproj", "{7DF753C3-A265-4161-826D-19C6B5DEC559}"
EndProject
Project("{FAE04EC0-301F-11D3-BF4B-00C04F79EFBC}") = "SkinCare.Data.SqlClient", "SkinCare.Data.SqlClient\SkinCare.Data.SqlClient.csproj", "{E9B1CA34-1370-4DC2-BE03-5464FDACEACE}"
EndProject
Project("{FAE04EC0-301F-11D3-BF4B-00C04F79EFBC}") = "SkinCare.Web", "SkinCare.Web\SkinCare.Web.csproj", "{AA76B054-18FD-4D2C-9900-8681146A093E}"
EndProject
Project("{E24C65DC-7377-472B-9ABA-BC803B73C61A}") = "SkinCare.Website", "SkinCare.Website\", "{F3603A48-46CF-48CA-944A-DC5F29C9EC74}"
	ProjectSection(WebsiteProperties) = preProject
		TargetFrameworkMoniker = ".NETFramework,Version%3Dv4.5"
		ProjectReferences = "{787E8AF0-3765-4CF4-A4FD-45A37E1B7D81}|SkinCare.Entities.dll;{7DF753C3-A265-4161-826D-19C6B5DEC559}|SkinCare.Data.dll;{E9B1CA34-1370-4DC2-BE03-5464FDACEACE}|SkinCare.Data.SqlClient.dll;{AA76B054-18FD-4D2C-9900-8681146A093E}|SkinCare.Web.dll;"
		Debug.AspNetCompiler.VirtualPath = "/SkinCare.Website"
		Debug.AspNetCompiler.PhysicalPath = "SkinCare.Website\"
		Debug.AspNetCompiler.TargetPath = "PrecompiledWeb\SkinCare.Website\"
		Debug.AspNetCompiler.Updateable = "true"
		Debug.AspNetCompiler.ForceOverwrite = "true"
		Debug.AspNetCompiler.FixedNames = "false"
		Debug.AspNetCompiler.Debug = "True"
		Release.AspNetCompiler.VirtualPath = "/SkinCare.Website"
		Release.AspNetCompiler.PhysicalPath = "SkinCare.Website\"
		Release.AspNetCompiler.TargetPath = "PrecompiledWeb\SkinCare.Website\"
		Release.AspNetCompiler.Updateable = "true"
		Release.AspNetCompiler.ForceOverwrite = "true"
		Release.AspNetCompiler.FixedNames = "false"
		Release.AspNetCompiler.Debug = "False"
		VWDPort = "2005"
	EndProjectSection
EndProject
Project("{2150E333-8FDC-42A3-9474-1A3956D46DE8}") = "NetTiers", "NetTiers", "{F3A10C8D-3227-449F-A2CB-014DE2D7F415}"
	ProjectSection(SolutionItems) = preProject
		AssemblyInfo.cs = AssemblyInfo.cs
	EndProjectSection
EndProject
Global
	GlobalSection(SolutionConfigurationPlatforms) = preSolution
		Debug|Any CPU = Debug|Any CPU
		Release|Any CPU = Release|Any CPU
	EndGlobalSection
	GlobalSection(ProjectConfigurationPlatforms) = postSolution
		{787E8AF0-3765-4CF4-A4FD-45A37E1B7D81}.Debug|Any CPU.ActiveCfg = Debug|Any CPU
		{787E8AF0-3765-4CF4-A4FD-45A37E1B7D81}.Debug|Any CPU.Build.0 = Debug|Any CPU
		{787E8AF0-3765-4CF4-A4FD-45A37E1B7D81}.Release|Any CPU.ActiveCfg = Release|Any CPU
		{787E8AF0-3765-4CF4-A4FD-45A37E1B7D81}.Release|Any CPU.Build.0 = Release|Any CPU
		{7DF753C3-A265-4161-826D-19C6B5DEC559}.Debug|Any CPU.ActiveCfg = Debug|Any CPU
		{7DF753C3-A265-4161-826D-19C6B5DEC559}.Debug|Any CPU.Build.0 = Debug|Any CPU
		{7DF753C3-A265-4161-826D-19C6B5DEC559}.Release|Any CPU.ActiveCfg = Release|Any CPU
		{7DF753C3-A265-4161-826D-19C6B5DEC559}.Release|Any CPU.Build.0 = Release|Any CPU
		{E9B1CA34-1370-4DC2-BE03-5464FDACEACE}.Debug|Any CPU.ActiveCfg = Debug|Any CPU
		{E9B1CA34-1370-4DC2-BE03-5464FDACEACE}.Debug|Any CPU.Build.0 = Debug|Any CPU
		{E9B1CA34-1370-4DC2-BE03-5464FDACEACE}.Release|Any CPU.ActiveCfg = Release|Any CPU
		{E9B1CA34-1370-4DC2-BE03-5464FDACEACE}.Release|Any CPU.Build.0 = Release|Any CPU
		{AA76B054-18FD-4D2C-9900-8681146A093E}.Debug|Any CPU.ActiveCfg = Debug|Any CPU
		{AA76B054-18FD-4D2C-9900-8681146A093E}.Debug|Any CPU.Build.0 = Debug|Any CPU
		{AA76B054-18FD-4D2C-9900-8681146A093E}.Release|Any CPU.ActiveCfg = Release|Any CPU
		{AA76B054-18FD-4D2C-9900-8681146A093E}.Release|Any CPU.Build.0 = Release|Any CPU
		{F3603A48-46CF-48CA-944A-DC5F29C9EC74}.Debug|Any CPU.ActiveCfg = Debug|Any CPU
		{F3603A48-46CF-48CA-944A-DC5F29C9EC74}.Debug|Any CPU.Build.0 = Debug|Any CPU
		{F3603A48-46CF-48CA-944A-DC5F29C9EC74}.Release|Any CPU.ActiveCfg = Debug|Any CPU
		{F3603A48-46CF-48CA-944A-DC5F29C9EC74}.Release|Any CPU.Build.0 = Debug|Any CPU
	EndGlobalSection
	GlobalSection(SolutionProperties) = preSolution
		HideSolutionNode = FALSE
	EndGlobalSection
	GlobalSection(NestedProjects) = preSolution
		{787E8AF0-3765-4CF4-A4FD-45A37E1B7D81} = {F3A10C8D-3227-449F-A2CB-014DE2D7F415}
		{7DF753C3-A265-4161-826D-19C6B5DEC559} = {F3A10C8D-3227-449F-A2CB-014DE2D7F415}
		{E9B1CA34-1370-4DC2-BE03-5464FDACEACE} = {F3A10C8D-3227-449F-A2CB-014DE2D7F415}
		{AA76B054-18FD-4D2C-9900-8681146A093E} = {F3A10C8D-3227-449F-A2CB-014DE2D7F415}
		{F3603A48-46CF-48CA-944A-DC5F29C9EC74} = {F3A10C8D-3227-449F-A2CB-014DE2D7F415}
	EndGlobalSection
EndGlobal
