
Microsoft Visual Studio Solution File, Format Version 12.00
# Visual Studio 14
VisualStudioVersion = 14.0.25420.1
MinimumVisualStudioVersion = 10.0.40219.1
Project("{FAE04EC0-301F-11D3-BF4B-00C04F79EFBC}") = "SkinCare.Entities", "SkinCare.Entities\SkinCare.Entities.csproj", "{B399C53C-ECCF-4BC8-ADFA-BDA7169E6CF0}"
EndProject
Project("{FAE04EC0-301F-11D3-BF4B-00C04F79EFBC}") = "SkinCare.Data", "SkinCare.Data\SkinCare.Data.csproj", "{C3293F12-E838-4946-8503-9DD990B3F7F1}"
EndProject
Project("{FAE04EC0-301F-11D3-BF4B-00C04F79EFBC}") = "SkinCare.Data.SqlClient", "SkinCare.Data.SqlClient\SkinCare.Data.SqlClient.csproj", "{8EF0CC74-FB32-4215-85E0-41789C4C2C17}"
EndProject
Project("{FAE04EC0-301F-11D3-BF4B-00C04F79EFBC}") = "SkinCare.Web", "SkinCare.Web\SkinCare.Web.csproj", "{C57B13FB-5154-40E4-9BCA-4CB9C3D7B417}"
EndProject
Project("{E24C65DC-7377-472B-9ABA-BC803B73C61A}") = "SkinCare.Website", "SkinCare.Website\", "{A2801257-1368-4CFC-A687-C7034B20D000}"
	ProjectSection(WebsiteProperties) = preProject
		TargetFrameworkMoniker = ".NETFramework,Version%3Dv4.5"
		ProjectReferences = "{B399C53C-ECCF-4BC8-ADFA-BDA7169E6CF0}|SkinCare.Entities.dll;{C3293F12-E838-4946-8503-9DD990B3F7F1}|SkinCare.Data.dll;{8EF0CC74-FB32-4215-85E0-41789C4C2C17}|SkinCare.Data.SqlClient.dll;{C57B13FB-5154-40E4-9BCA-4CB9C3D7B417}|SkinCare.Web.dll;"
		Debug.AspNetCompiler.VirtualPath = "/SkinCare.Website"
		Debug.AspNetCompiler.PhysicalPath = "SkinCare.Website\"
		Debug.AspNetCompiler.TargetPath = "PrecompiledWeb\SkinCare.Website\"
		Debug.AspNetCompiler.Updateable = "true"
		Debug.AspNetCompiler.ForceOverwrite = "true"
		Debug.AspNetCompiler.FixedNames = "false"
		Debug.AspNetCompiler.Debug = "True"
		Release.AspNetCompiler.VirtualPath = "/SkinCare.Website"
		Release.AspNetCompiler.PhysicalPath = "SkinCare.Website\"
		Release.AspNetCompiler.TargetPath = "PrecompiledWeb\SkinCare.Website\"
		Release.AspNetCompiler.Updateable = "true"
		Release.AspNetCompiler.ForceOverwrite = "true"
		Release.AspNetCompiler.FixedNames = "false"
		Release.AspNetCompiler.Debug = "False"
		VWDPort = "2005"
		SlnRelativePath = "SkinCare.Website\"
	EndProjectSection
EndProject
Project("{2150E333-8FDC-42A3-9474-1A3956D46DE8}") = "NetTiers", "NetTiers", "{F3A10C8D-3227-449F-A2CB-014DE2D7F415}"
	ProjectSection(SolutionItems) = preProject
		AssemblyInfo.cs = AssemblyInfo.cs
	EndProjectSection
EndProject
Global
	GlobalSection(SolutionConfigurationPlatforms) = preSolution
		Debug|Any CPU = Debug|Any CPU
		Release|Any CPU = Release|Any CPU
	EndGlobalSection
	GlobalSection(ProjectConfigurationPlatforms) = postSolution
		{B399C53C-ECCF-4BC8-ADFA-BDA7169E6CF0}.Debug|Any CPU.ActiveCfg = Debug|Any CPU
		{B399C53C-ECCF-4BC8-ADFA-BDA7169E6CF0}.Debug|Any CPU.Build.0 = Debug|Any CPU
		{B399C53C-ECCF-4BC8-ADFA-BDA7169E6CF0}.Release|Any CPU.ActiveCfg = Release|Any CPU
		{B399C53C-ECCF-4BC8-ADFA-BDA7169E6CF0}.Release|Any CPU.Build.0 = Release|Any CPU
		{C3293F12-E838-4946-8503-9DD990B3F7F1}.Debug|Any CPU.ActiveCfg = Debug|Any CPU
		{C3293F12-E838-4946-8503-9DD990B3F7F1}.Debug|Any CPU.Build.0 = Debug|Any CPU
		{C3293F12-E838-4946-8503-9DD990B3F7F1}.Release|Any CPU.ActiveCfg = Release|Any CPU
		{C3293F12-E838-4946-8503-9DD990B3F7F1}.Release|Any CPU.Build.0 = Release|Any CPU
		{8EF0CC74-FB32-4215-85E0-41789C4C2C17}.Debug|Any CPU.ActiveCfg = Debug|Any CPU
		{8EF0CC74-FB32-4215-85E0-41789C4C2C17}.Debug|Any CPU.Build.0 = Debug|Any CPU
		{8EF0CC74-FB32-4215-85E0-41789C4C2C17}.Release|Any CPU.ActiveCfg = Release|Any CPU
		{8EF0CC74-FB32-4215-85E0-41789C4C2C17}.Release|Any CPU.Build.0 = Release|Any CPU
		{C57B13FB-5154-40E4-9BCA-4CB9C3D7B417}.Debug|Any CPU.ActiveCfg = Debug|Any CPU
		{C57B13FB-5154-40E4-9BCA-4CB9C3D7B417}.Debug|Any CPU.Build.0 = Debug|Any CPU
		{C57B13FB-5154-40E4-9BCA-4CB9C3D7B417}.Release|Any CPU.ActiveCfg = Release|Any CPU
		{C57B13FB-5154-40E4-9BCA-4CB9C3D7B417}.Release|Any CPU.Build.0 = Release|Any CPU
		{A2801257-1368-4CFC-A687-C7034B20D000}.Debug|Any CPU.ActiveCfg = Debug|Any CPU
		{A2801257-1368-4CFC-A687-C7034B20D000}.Debug|Any CPU.Build.0 = Debug|Any CPU
		{A2801257-1368-4CFC-A687-C7034B20D000}.Release|Any CPU.ActiveCfg = Debug|Any CPU
		{A2801257-1368-4CFC-A687-C7034B20D000}.Release|Any CPU.Build.0 = Debug|Any CPU
	EndGlobalSection
	GlobalSection(SolutionProperties) = preSolution
		HideSolutionNode = FALSE
	EndGlobalSection
	GlobalSection(NestedProjects) = preSolution
		{B399C53C-ECCF-4BC8-ADFA-BDA7169E6CF0} = {F3A10C8D-3227-449F-A2CB-014DE2D7F415}
		{C3293F12-E838-4946-8503-9DD990B3F7F1} = {F3A10C8D-3227-449F-A2CB-014DE2D7F415}
		{8EF0CC74-FB32-4215-85E0-41789C4C2C17} = {F3A10C8D-3227-449F-A2CB-014DE2D7F415}
		{C57B13FB-5154-40E4-9BCA-4CB9C3D7B417} = {F3A10C8D-3227-449F-A2CB-014DE2D7F415}
		{A2801257-1368-4CFC-A687-C7034B20D000} = {F3A10C8D-3227-449F-A2CB-014DE2D7F415}
	EndGlobalSection
EndGlobal
